// !$*UTF8*$!
{
	archiveVersion = 1;
	classes = {
	};
	objectVersion = 50;
	objects = {

/* Begin PBXBuildFile section */
		B489DDF423F53F3200E6DD76 /* AppDelegate.swift in Sources */ = {isa = PBXBuildFile; fileRef = B489DDF323F53F3200E6DD76 /* AppDelegate.swift */; };
		B489DDF623F53F3200E6DD76 /* SceneDelegate.swift in Sources */ = {isa = PBXBuildFile; fileRef = B489DDF523F53F3200E6DD76 /* SceneDelegate.swift */; };
		B489DDF823F53F3200E6DD76 /* ViewController.swift in Sources */ = {isa = PBXBuildFile; fileRef = B489DDF723F53F3200E6DD76 /* ViewController.swift */; };
		B489DDFB23F53F3200E6DD76 /* Main.storyboard in Resources */ = {isa = PBXBuildFile; fileRef = B489DDF923F53F3200E6DD76 /* Main.storyboard */; };
		B489DDFE23F53F3200E6DD76 /* bongTable.xcdatamodeld in Sources */ = {isa = PBXBuildFile; fileRef = B489DDFC23F53F3200E6DD76 /* bongTable.xcdatamodeld */; };
		B489DE0023F53F3300E6DD76 /* Assets.xcassets in Resources */ = {isa = PBXBuildFile; fileRef = B489DDFF23F53F3300E6DD76 /* Assets.xcassets */; };
		B489DE0323F53F3300E6DD76 /* LaunchScreen.storyboard in Resources */ = {isa = PBXBuildFile; fileRef = B489DE0123F53F3300E6DD76 /* LaunchScreen.storyboard */; };
		B489DE0B23F548B600E6DD76 /* type1.swift in Sources */ = {isa = PBXBuildFile; fileRef = B489DE0A23F548B600E6DD76 /* type1.swift */; };
/* End PBXBuildFile section */

/* Begin PBXFileReference section */
		B489DDF023F53F3200E6DD76 /* bongTable.app */ = {isa = PBXFileReference; explicitFileType = wrapper.application; includeInIndex = 0; path = bongTable.app; sourceTree = BUILT_PRODUCTS_DIR; };
		B489DDF323F53F3200E6DD76 /* AppDelegate.swift */ = {isa = PBXFileReference; lastKnownFileType = sourcecode.swift; path = AppDelegate.swift; sourceTree = "<group>"; };
		B489DDF523F53F3200E6DD76 /* SceneDelegate.swift */ = {isa = PBXFileReference; lastKnownFileType = sourcecode.swift; path = SceneDelegate.swift; sourceTree = "<group>"; };
		B489DDF723F53F3200E6DD76 /* ViewController.swift */ = {isa = PBXFileReference; lastKnownFileType = sourcecode.swift; path = ViewController.swift; sourceTree = "<group>"; };
		B489DDFA23F53F3200E6DD76 /* Base */ = {isa = PBXFileReference; lastKnownFileType = file.storyboard; name = Base; path = Base.lproj/Main.storyboard; sourceTree = "<group>"; };
		B489DDFD23F53F3200E6DD76 /* bongTable.xcdatamodel */ = {isa = PBXFileReference; lastKnownFileType = wrapper.xcdatamodel; path = bongTable.xcdatamodel; sourceTree = "<group>"; };
		B489DDFF23F53F3300E6DD76 /* Assets.xcassets */ = {isa = PBXFileReference; lastKnownFileType = folder.assetcatalog; path = Assets.xcassets; sourceTree = "<group>"; };
		B489DE0223F53F3300E6DD76 /* Base */ = {isa = PBXFileReference; lastKnownFileType = file.storyboard; name = Base; path = Base.lproj/LaunchScreen.storyboard; sourceTree = "<group>"; };
		B489DE0423F53F3300E6DD76 /* Info.plist */ = {isa = PBXFileReference; lastKnownFileType = text.plist.xml; path = Info.plist; sourceTree = "<group>"; };
		B489DE0A23F548B600E6DD76 /* type1.swift */ = {isa = PBXFileReference; lastKnownFileType = sourcecode.swift; path = type1.swift; sourceTree = "<group>"; };
/* End PBXFileReference section */

/* Begin PBXFrameworksBuildPhase section */
		B489DDED23F53F3200E6DD76 /* Frameworks */ = {
			isa = PBXFrameworksBuildPhase;
			buildActionMask = 2147483647;
			files = (
			);
			runOnlyForDeploymentPostprocessing = 0;
		};
/* End PBXFrameworksBuildPhase section */

/* Begin PBXGroup section */
		B489DDE723F53F3200E6DD76 = {
			isa = PBXGroup;
			children = (
				B489DDF223F53F3200E6DD76 /* bongTable */,
				B489DDF123F53F3200E6DD76 /* Products */,
			);
			sourceTree = "<group>";
		};
		B489DDF123F53F3200E6DD76 /* Products */ = {
			isa = PBXGroup;
			children = (
				B489DDF023F53F3200E6DD76 /* bongTable.app */,
			);
			name = Products;
			sourceTree = "<group>";
		};
		B489DDF223F53F3200E6DD76 /* bongTable */ = {
			isa = PBXGroup;
			children = (
				B489DDF323F53F3200E6DD76 /* AppDelegate.swift */,
				B489DDF523F53F3200E6DD76 /* SceneDelegate.swift */,
				B489DDF723F53F3200E6DD76 /* ViewController.swift */,
				B489DDF923F53F3200E6DD76 /* Main.storyboard */,
				B489DDFF23F53F3300E6DD76 /* Assets.xcassets */,
				B489DE0123F53F3300E6DD76 /* LaunchScreen.storyboard */,
				B489DE0423F53F3300E6DD76 /* Info.plist */,
				B489DDFC23F53F3200E6DD76 /* bongTable.xcdatamodeld */,
				B489DE0A23F548B600E6DD76 /* type1.swift */,
			);
			path = bongTable;
			sourceTree = "<group>";
		};
/* End PBXGroup section */

/* Begin PBXNativeTarget section */
		B489DDEF23F53F3200E6DD76 /* bongTable */ = {
			isa = PBXNativeTarget;
			buildConfigurationList = B489DE0723F53F3300E6DD76 /* Build configuration list for PBXNativeTarget "bongTable" */;
			buildPhases = (
				B489DDEC23F53F3200E6DD76 /* Sources */,
				B489DDED23F53F3200E6DD76 /* Frameworks */,
				B489DDEE23F53F3200E6DD76 /* Resources */,
			);
			buildRules = (
			);
			dependencies = (
			);
			name = bongTable;
			productName = bongTable;
			productReference = B489DDF023F53F3200E6DD76 /* bongTable.app */;
			productType = "com.apple.product-type.application";
		};
/* End PBXNativeTarget section */

/* Begin PBXProject section */
		B489DDE823F53F3200E6DD76 /* Project object */ = {
			isa = PBXProject;
			attributes = {
				LastSwiftUpdateCheck = 1130;
				LastUpgradeCheck = 1130;
				ORGANIZATIONNAME = "taebong you";
				TargetAttributes = {
					B489DDEF23F53F3200E6DD76 = {
						CreatedOnToolsVersion = 11.3.1;
					};
				};
			};
			buildConfigurationList = B489DDEB23F53F3200E6DD76 /* Build configuration list for PBXProject "bongTable" */;
			compatibilityVersion = "Xcode 9.3";
			developmentRegion = en;
			hasScannedForEncodings = 0;
			knownRegions = (
				en,
				Base,
			);
			mainGroup = B489DDE723F53F3200E6DD76;
			productRefGroup = B489DDF123F53F3200E6DD76 /* Products */;
			projectDirPath = "";
			projectRoot = "";
			targets = (
				B489DDEF23F53F3200E6DD76 /* bongTable */,
			);
		};
/* End PBXProject section */

/* Begin PBXResourcesBuildPhase section */
		B489DDEE23F53F3200E6DD76 /* Resources */ = {
			isa = PBXResourcesBuildPhase;
			buildActionMask = 2147483647;
			files = (
				B489DE0323F53F3300E6DD76 /* LaunchScreen.storyboard in Resources */,
				B489DE0023F53F3300E6DD76 /* Assets.xcassets in Resources */,
				B489DDFB23F53F3200E6DD76 /* Main.storyboard in Resources */,
			);
			runOnlyForDeploymentPostprocessing = 0;
		};
/* End PBXResourcesBuildPhase section */

/* Begin PBXSourcesBuildPhase section */
		B489DDEC23F53F3200E6DD76 /* Sources */ = {
			isa = PBXSourcesBuildPhase;
			buildActionMask = 2147483647;
			files = (
				B489DDFE23F53F3200E6DD76 /* bongTable.xcdatamodeld in Sources */,
				B489DDF823F53F3200E6DD76 /* ViewController.swift in Sources */,
				B489DDF423F53F3200E6DD76 /* AppDelegate.swift in Sources */,
				B489DE0B23F548B600E6DD76 /* type1.swift in Sources */,
				B489DDF623F53F3200E6DD76 /* SceneDelegate.swift in Sources */,
			);
			runOnlyForDeploymentPostprocessing = 0;
		};
/* End PBXSourcesBuildPhase section */

/* Begin PBXVariantGroup section */
		B489DDF923F53F3200E6DD76 /* Main.storyboard */ = {
			isa = PBXVariantGroup;
			children = (
				B489DDFA23F53F3200E6DD76 /* Base */,
			);
			name = Main.storyboard;
			sourceTree = "<group>";
		};
		B489DE0123F53F3300E6DD76 /* LaunchScreen.storyboard */ = {
			isa = PBXVariantGroup;
			children = (
				B489DE0223F53F3300E6DD76 /* Base */,
			);
			name = LaunchScreen.storyboard;
			sourceTree = "<group>";
		};
/* End PBXVariantGroup section */

/* Begin XCBuildConfiguration section */
		B489DE0523F53F3300E6DD76 /* Debug */ = {
			isa = XCBuildConfiguration;
			buildSettings = {
				ALWAYS_SEARCH_USER_PATHS = NO;
				CLANG_ANALYZER_NONNULL = YES;
				CLANG_ANALYZER_NUMBER_OBJECT_CONVERSION = YES_AGGRESSIVE;
				CLANG_CXX_LANGUAGE_STANDARD = "gnu++14";
				CLANG_CXX_LIBRARY = "libc++";
				CLANG_ENABLE_MODULES = YES;
				CLANG_ENABLE_OBJC_ARC = YES;
				CLANG_ENABLE_OBJC_WEAK = YES;
				CLANG_WARN_BLOCK_CAPTURE_AUTORELEASING = YES;
				CLANG_WARN_BOOL_CONVERSION = YES;
				CLANG_WARN_COMMA = YES;
				CLANG_WARN_CONSTANT_CONVERSION = YES;
				CLANG_WARN_DEPRECATED_OBJC_IMPLEMENTATIONS = YES;
				CLANG_WARN_DIRECT_OBJC_ISA_USAGE = YES_ERROR;
				CLANG_WARN_DOCUMENTATION_COMMENTS = YES;
				CLANG_WARN_EMPTY_BODY = YES;
				CLANG_WARN_ENUM_CONVERSION = YES;
				CLANG_WARN_INFINITE_RECURSION = YES;
				CLANG_WARN_INT_CONVERSION = YES;
				CLANG_WARN_NON_LITERAL_NULL_CONVERSION = YES;
				CLANG_WARN_OBJC_IMPLICIT_RETAIN_SELF = YES;
				CLANG_WARN_OBJC_LITERAL_CONVERSION = YES;
				CLANG_WARN_OBJC_ROOT_CLASS = YES_ERROR;
				CLANG_WARN_RANGE_LOOP_ANALYSIS = YES;
				CLANG_WARN_STRICT_PROTOTYPES = YES;
				CLANG_WARN_SUSPICIOUS_MOVE = YES;
				CLANG_WARN_UNGUARDED_AVAILABILITY = YES_AGGRESSIVE;
				CLANG_WARN_UNREACHABLE_CODE = YES;
				CLANG_WARN__DUPLICATE_METHOD_MATCH = YES;
				COPY_PHASE_STRIP = NO;
				DEBUG_INFORMATION_FORMAT = dwarf;
				ENABLE_STRICT_OBJC_MSGSEND = YES;
				ENABLE_TESTABILITY = YES;
				GCC_C_LANGUAGE_STANDARD = gnu11;
				GCC_DYNAMIC_NO_PIC = NO;
				GCC_NO_COMMON_BLOCKS = YES;
				GCC_OPTIMIZATION_LEVEL = 0;
				GCC_PREPROCESSOR_DEFINITIONS = (
					"DEBUG=1",
					"$(inherited)",
				);
				GCC_WARN_64_TO_32_BIT_CONVERSION = YES;
				GCC_WARN_ABOUT_RETURN_TYPE = YES_ERROR;
				GCC_WARN_UNDECLARED_SELECTOR = YES;
				GCC_WARN_UNINITIALIZED_AUTOS = YES_AGGRESSIVE;
				GCC_WARN_UNUSED_FUNCTION = YES;
				GCC_WARN_UNUSED_VARIABLE = YES;
				IPHONEOS_DEPLOYMENT_TARGET = 13.2;
				MTL_ENABLE_DEBUG_INFO = INCLUDE_SOURCE;
				MTL_FAST_MATH = YES;
				ONLY_ACTIVE_ARCH = YES;
				SDKROOT = iphoneos;
				SWIFT_ACTIVE_COMPILATION_CONDITIONS = DEBUG;
				SWIFT_OPTIMIZATION_LEVEL = "-Onone";
			};
			name = Debug;
		};
		B489DE0623F53F3300E6DD76 /* Release */ = {
			isa = XCBuildConfiguration;
			buildSettings = {
				ALWAYS_SEARCH_USER_PATHS = NO;
				CLANG_ANALYZER_NONNULL = YES;
				CLANG_ANALYZER_NUMBER_OBJECT_CONVERSION = YES_AGGRESSIVE;
				CLANG_CXX_LANGUAGE_STANDARD = "gnu++14";
				CLANG_CXX_LIBRARY = "libc++";
				CLANG_ENABLE_MODULES = YES;
				CLANG_ENABLE_OBJC_ARC = YES;
				CLANG_ENABLE_OBJC_WEAK = YES;
				CLANG_WARN_BLOCK_CAPTURE_AUTORELEASING = YES;
				CLANG_WARN_BOOL_CONVERSION = YES;
				CLANG_WARN_COMMA = YES;
				CLANG_WARN_CONSTANT_CONVERSION = YES;
				CLANG_WARN_DEPRECATED_OBJC_IMPLEMENTATIONS = YES;
				CLANG_WARN_DIRECT_OBJC_ISA_USAGE = YES_ERROR;
				CLANG_WARN_DOCUMENTATION_COMMENTS = YES;
				CLANG_WARN_EMPTY_BODY = YES;
				CLANG_WARN_ENUM_CONVERSION = YES;
				CLANG_WARN_INFINITE_RECURSION = YES;
				CLANG_WARN_INT_CONVERSION = YES;
				CLANG_WARN_NON_LITERAL_NULL_CONVERSION = YES;
				CLANG_WARN_OBJC_IMPLICIT_RETAIN_SELF = YES;
				CLANG_WARN_OBJC_LITERAL_CONVERSION = YES;
				CLANG_WARN_OBJC_ROOT_CLASS = YES_ERROR;
				CLANG_WARN_RANGE_LOOP_ANALYSIS = YES;
				CLANG_WARN_STRICT_PROTOTYPES = YES;
				CLANG_WARN_SUSPICIOUS_MOVE = YES;
				CLANG_WARN_UNGUARDED_AVAILABILITY = YES_AGGRESSIVE;
				CLANG_WARN_UNREACHABLE_CODE = YES;
				CLANG_WARN__DUPLICATE_METHOD_MATCH = YES;
				COPY_PHASE_STRIP = NO;
				DEBUG_INFORMATION_FORMAT = "dwarf-with-dsym";
				ENABLE_NS_ASSERTIONS = NO;
				ENABLE_STRICT_OBJC_MSGSEND = YES;
				GCC_C_LANGUAGE_STANDARD = gnu11;
				GCC_NO_COMMON_BLOCKS = YES;
				GCC_WARN_64_TO_32_BIT_CONVERSION = YES;
				GCC_WARN_ABOUT_RETURN_TYPE = YES_ERROR;
				GCC_WARN_UNDECLARED_SELECTOR = YES;
				GCC_WARN_UNINITIALIZED_AUTOS = YES_AGGRESSIVE;
				GCC_WARN_UNUSED_FUNCTION = YES;
				GCC_WARN_UNUSED_VARIABLE = YES;
				IPHONEOS_DEPLOYMENT_TARGET = 13.2;
				MTL_ENABLE_DEBUG_INFO = NO;
				MTL_FAST_MATH = YES;
				SDKROOT = iphoneos;
				SWIFT_COMPILATION_MODE = wholemodule;
				SWIFT_OPTIMIZATION_LEVEL = "-O";
				VALIDATE_PRODUCT = YES;
			};
			name = Release;
		};
		B489DE0823F53F3300E6DD76 /* Debug */ = {
			isa = XCBuildConfiguration;
			buildSettings = {
				ASSETCATALOG_COMPILER_APPICON_NAME = AppIcon;
				CODE_SIGN_STYLE = Automatic;
				INFOPLIST_FILE = bongTable/Info.plist;
				LD_RUNPATH_SEARCH_PATHS = (
					"$(inherited)",
					"@executable_path/Frameworks",
				);
				PRODUCT_BUNDLE_IDENTIFIER = com.bong.bongTable;
				PRODUCT_NAME = "$(TARGET_NAME)";
				SWIFT_VERSION = 5.0;
				TARGETED_DEVICE_FAMILY = "1,2";
			};
			name = Debug;
		};
		B489DE0923F53F3300E6DD76 /* Release */ = {
			isa = XCBuildConfiguration;
			buildSettings = {
				ASSETCATALOG_COMPILER_APPICON_NAME = AppIcon;
				CODE_SIGN_STYLE = Automatic;
				INFOPLIST_FILE = bongTable/Info.plist;
				LD_RUNPATH_SEARCH_PATHS = (
					"$(inherited)",
					"@executable_path/Frameworks",
				);
				PRODUCT_BUNDLE_IDENTIFIER = com.bong.bongTable;
				PRODUCT_NAME = "$(TARGET_NAME)";
				SWIFT_VERSION = 5.0;
				TARGETED_DEVICE_FAMILY = "1,2";
			};
			name = Release;
		};
/* End XCBuildConfiguration section */

/* Begin XCConfigurationList section */
		B489DDEB23F53F3200E6DD76 /* Build configuration list for PBXProject "bongTable" */ = {
			isa = XCConfigurationList;
			buildConfigurations = (
				B489DE0523F53F3300E6DD76 /* Debug */,
				B489DE0623F53F3300E6DD76 /* Release */,
			);
			defaultConfigurationIsVisible = 0;
			defaultConfigurationName = Release;
		};
		B489DE0723F53F3300E6DD76 /* Build configuration list for PBXNativeTarget "bongTable" */ = {
			isa = XCConfigurationList;
			buildConfigurations = (
				B489DE0823F53F3300E6DD76 /* Debug */,
				B489DE0923F53F3300E6DD76 /* Release */,
			);
			defaultConfigurationIsVisible = 0;
			defaultConfigurationName = Release;
		};
/* End XCConfigurationList section */

/* Begin XCVersionGroup section */
		B489DDFC23F53F3200E6DD76 /* bongTable.xcdatamodeld */ = {
			isa = XCVersionGroup;
			children = (
				B489DDFD23F53F3200E6DD76 /* bongTable.xcdatamodel */,
			);
			currentVersion = B489DDFD23F53F3200E6DD76 /* bongTable.xcdatamodel */;
			path = bongTable.xcdatamodeld;
			sourceTree = "<group>";
			versionGroupType = wrapper.xcdatamodel;
		};
/* End XCVersionGroup section */
	};
	rootObject = B489DDE823F53F3200E6DD76 /* Project object */;
}
